
Microsoft Visual Studio Solution File, Format Version 12.00
# Visual Studio Version 16
VisualStudioVersion = 16.0.31005.135
MinimumVisualStudioVersion = 10.0.40219.1
Project("{FAE04EC0-301F-11D3-BF4B-00C04F79EFBC}") = "8. hét", "8. hét\8. hét.csproj", "{300AF39F-3996-4E5C-8215-0971B32E78C6}"
EndProject
Global
	GlobalSection(SolutionConfigurationPlatforms) = preSolution
		Debug|Any CPU = Debug|Any CPU
		Release|Any CPU = Release|Any CPU
	EndGlobalSection
	GlobalSection(ProjectConfigurationPlatforms) = postSolution
		{300AF39F-3996-4E5C-8215-0971B32E78C6}.Debug|Any CPU.ActiveCfg = Debug|Any CPU
		{300AF39F-3996-4E5C-8215-0971B32E78C6}.Debug|Any CPU.Build.0 = Debug|Any CPU
		{300AF39F-3996-4E5C-8215-0971B32E78C6}.Release|Any CPU.ActiveCfg = Release|Any CPU
		{300AF39F-3996-4E5C-8215-0971B32E78C6}.Release|Any CPU.Build.0 = Release|Any CPU
	EndGlobalSection
	GlobalSection(SolutionProperties) = preSolution
		HideSolutionNode = FALSE
	EndGlobalSection
	GlobalSection(ExtensibilityGlobals) = postSolution
		SolutionGuid = {0A26AB71-5109-47A3-A7F3-5C592F5603A0}
	EndGlobalSection
EndGlobal
