
Microsoft Visual Studio Solution File, Format Version 12.00
# Visual Studio Version 16
VisualStudioVersion = 16.0.31005.135
MinimumVisualStudioVersion = 10.0.40219.1
Project("{FAE04EC0-301F-11D3-BF4B-00C04F79EFBC}") = "UserMaintenance", "UserMaintenance\UserMaintenance.csproj", "{40EAE341-BDB9-4D5B-B010-D0243043ADBF}"
EndProject
Global
	GlobalSection(SolutionConfigurationPlatforms) = preSolution
		Debug|Any CPU = Debug|Any CPU
		Release|Any CPU = Release|Any CPU
	EndGlobalSection
	GlobalSection(ProjectConfigurationPlatforms) = postSolution
		{40EAE341-BDB9-4D5B-B010-D0243043ADBF}.Debug|Any CPU.ActiveCfg = Debug|Any CPU
		{40EAE341-BDB9-4D5B-B010-D0243043ADBF}.Debug|Any CPU.Build.0 = Debug|Any CPU
		{40EAE341-BDB9-4D5B-B010-D0243043ADBF}.Release|Any CPU.ActiveCfg = Release|Any CPU
		{40EAE341-BDB9-4D5B-B010-D0243043ADBF}.Release|Any CPU.Build.0 = Release|Any CPU
	EndGlobalSection
	GlobalSection(SolutionProperties) = preSolution
		HideSolutionNode = FALSE
	EndGlobalSection
	GlobalSection(ExtensibilityGlobals) = postSolution
		SolutionGuid = {843B89B2-D42F-4ECA-B95A-05E4A6830922}
	EndGlobalSection
EndGlobal
